{
    "_meta": {
        "hash": {
            "sha256": "31fefec1a5746d9d42cd27e85152779c25831671e9b27f0425f513e5fdf12642"
        },
        "pipfile-spec": 6,
        "requires": {
            "python_version": "3.8"
        },
        "sources": [
            {
                "name": "pypi",
                "url": "https://pypi.org/simple",
                "verify_ssl": true
            }
        ]
    },
    "default": {
        "pafy": {
            "hashes": [
                "sha256:364f1d1312c89582d97dc7225cf6858cde27cb11dfd64a9c2bab1a2f32133b1e",
                "sha256:769e35aa6988686d47fa2ab235d15c9952c7873c470f6a6b05cf6bcd93e62515"
            ],
            "index": "pypi",
            "version": "==0.5.5"
        },
        "python-vlc": {
            "hashes": [
                "sha256:508bc5b4b4fd72b4e23c926795bdcd38c7c1c08a4dd6b8cc87b0abd1d7118aa1",
                "sha256:a4d3bdddfce84a8fb1b2d5447193a0239c55c16ca246e5194d48efd59c4e236b"
            ],
            "index": "pypi",
            "version": "==3.0.11115"
        },
        "youtube-dl": {
            "hashes": [
                "sha256:849d2a85ee99e5caafc8d52572bb603c4ae020dfb615a4d51c3bc90787d40df3",
                "sha256:ef2d60d5a963da54585fc80331fba46d15f45c0a89b85dbddc3b13c9cdc84e63"
            ],
            "index": "pypi",
            "version": "==2020.11.29"
        },
        "youtube-search-python": {
            "hashes": [
                "sha256:7b78ff54a0ab4fe7403cc8a9004332a9f1262dc587cbf2b2d2a42e0bb50032a4",
                "sha256:9e12141ce19e23d9d2d820d12604d687b9fa5e37056e4b90e165314749f8e65c"
            ],
            "index": "pypi",
            "version": "==1.3.2"
        }
    },
    "develop": {}
}
